
Microsoft Visual Studio Solution File, Format Version 12.00
Project("{FAE04EC0-301F-11D3-BF4B-00C04F79EFBC}") = "WebApi", "WebApi\WebApi.csproj", "{5D649D5D-0E5B-4E67-A36F-A835775327E6}"
EndProject
Project("{FAE04EC0-301F-11D3-BF4B-00C04F79EFBC}") = "DataAccess", "DataAccess\DataAccess.csproj", "{9EADDA2D-583B-4E8A-81B0-8084E04955DA}"
EndProject
Project("{FAE04EC0-301F-11D3-BF4B-00C04F79EFBC}") = "BusinnesLogic", "BusinnesLogic\BusinnesLogic.csproj", "{1069DB1E-C534-4E33-9238-D643741971FE}"
EndProject
Global
	GlobalSection(SolutionConfigurationPlatforms) = preSolution
		Debug|Any CPU = Debug|Any CPU
		Release|Any CPU = Release|Any CPU
	EndGlobalSection
	GlobalSection(ProjectConfigurationPlatforms) = postSolution
		{5D649D5D-0E5B-4E67-A36F-A835775327E6}.Debug|Any CPU.ActiveCfg = Debug|Any CPU
		{5D649D5D-0E5B-4E67-A36F-A835775327E6}.Debug|Any CPU.Build.0 = Debug|Any CPU
		{5D649D5D-0E5B-4E67-A36F-A835775327E6}.Release|Any CPU.ActiveCfg = Release|Any CPU
		{5D649D5D-0E5B-4E67-A36F-A835775327E6}.Release|Any CPU.Build.0 = Release|Any CPU
		{9EADDA2D-583B-4E8A-81B0-8084E04955DA}.Debug|Any CPU.ActiveCfg = Debug|Any CPU
		{9EADDA2D-583B-4E8A-81B0-8084E04955DA}.Debug|Any CPU.Build.0 = Debug|Any CPU
		{9EADDA2D-583B-4E8A-81B0-8084E04955DA}.Release|Any CPU.ActiveCfg = Release|Any CPU
		{9EADDA2D-583B-4E8A-81B0-8084E04955DA}.Release|Any CPU.Build.0 = Release|Any CPU
		{1069DB1E-C534-4E33-9238-D643741971FE}.Debug|Any CPU.ActiveCfg = Debug|Any CPU
		{1069DB1E-C534-4E33-9238-D643741971FE}.Debug|Any CPU.Build.0 = Debug|Any CPU
		{1069DB1E-C534-4E33-9238-D643741971FE}.Release|Any CPU.ActiveCfg = Release|Any CPU
		{1069DB1E-C534-4E33-9238-D643741971FE}.Release|Any CPU.Build.0 = Release|Any CPU
	EndGlobalSection
EndGlobal
